
Microsoft Visual Studio Solution File, Format Version 12.00
# Visual Studio Version 16
VisualStudioVersion = 16.0.33027.164
MinimumVisualStudioVersion = 10.0.40219.1
Project("{FAE04EC0-301F-11D3-BF4B-00C04F79EFBC}") = "PLC点位 IO测试系统软件", "PLC点位 IO测试系统软件.csproj", "{07121322-BB92-4F01-8EAE-F5AD555C980B}"
EndProject
Global
	GlobalSection(SolutionConfigurationPlatforms) = preSolution
		Debug|Any CPU = Debug|Any CPU
		Release|Any CPU = Release|Any CPU
	EndGlobalSection
	GlobalSection(ProjectConfigurationPlatforms) = postSolution
		{07121322-BB92-4F01-8EAE-F5AD555C980B}.Debug|Any CPU.ActiveCfg = Debug|Any CPU
		{07121322-BB92-4F01-8EAE-F5AD555C980B}.Debug|Any CPU.Build.0 = Debug|Any CPU
		{07121322-BB92-4F01-8EAE-F5AD555C980B}.Release|Any CPU.ActiveCfg = Release|Any CPU
		{07121322-BB92-4F01-8EAE-F5AD555C980B}.Release|Any CPU.Build.0 = Release|Any CPU
	EndGlobalSection
	GlobalSection(SolutionProperties) = preSolution
		HideSolutionNode = FALSE
	EndGlobalSection
	GlobalSection(ExtensibilityGlobals) = postSolution
		SolutionGuid = {95F78450-AFAF-4BF8-A0E8-A36867F35EE9}
	EndGlobalSection
EndGlobal
